dependencies:
- name: keycloak
  repository: https://codecentric.github.io/helm-charts
  version: '*'
- name: common-templates
  repository: https://helm.ponglehub.co.uk
  version: 1.0.47
digest: sha256:9d3c7a0b11e2c683591ce2d5cfa440c2d8899d8532f0c8a88436ff1dd6009292
generated: "2020-09-30T22:05:48.010164+01:00"
