dependencies:
- name: keycloak
  repository: https://codecentric.github.io/helm-charts
  version: 9.3.0
- name: common-templates
  repository: https://helm.ponglehub.co.uk
  version: 1.0.26
digest: sha256:ba61c8555eb436790e38b1d7eff9c1b723a85783187824b0ea8755e1307c85de
generated: "2020-10-06T22:07:52.976533+01:00"
