dependencies:
- name: common-templates
  repository: http://helm.ponglehub.co.uk:5002
  version: 1.0.0
- name: redis
  repository: https://charts.bitnami.com/bitnami
  version: 12.2.3
- name: cockroachdb
  repository: https://charts.cockroachdb.com
  version: 4.1.10
digest: sha256:86f88939f9b59211bb665807c40f214eda666fc74d1ebdb4a756535b254238e1
generated: "2021-03-19T22:34:41.060418Z"
