dependencies:
- name: prometheus
  repository: https://kubernetes-charts.storage.googleapis.com/
  version: 11.1.6
- name: grafana
  repository: https://kubernetes-charts.storage.googleapis.com/
  version: 5.0.26
- name: loki-stack
  repository: https://grafana.github.io/loki/charts
  version: '*'
- name: verdaccio
  repository: https://charts.verdaccio.org
  version: 0.10.0
- name: linkerd2
  repository: https://helm.linkerd.io/stable
  version: 2.8.1
digest: sha256:5b9ff2c263f27c9deed7504b5eab54c4e4c4115f774c3e8ede015a610f3a0728
generated: "2020-08-22T08:17:25.16967+01:00"
