dependencies:
- name: prometheus
  repository: https://kubernetes-charts.storage.googleapis.com/
  version: 11.1.6
- name: grafana
  repository: https://kubernetes-charts.storage.googleapis.com/
  version: 5.0.26
- name: loki-stack
  repository: https://grafana.github.io/loki/charts
  version: '*'
- name: verdaccio
  repository: https://charts.verdaccio.org
  version: 0.10.0
- name: linkerd2
  repository: https://helm.linkerd.io/stable
  version: 2.8.1
- name: strimzi-kafka-operator
  repository: https://strimzi.io/charts/
  version: '*'
digest: sha256:d2b63825be1584a539c783863210a5f2c20326fc73206d909980a3655c03ddd5
generated: "2020-08-22T21:55:28.416012+01:00"
