dependencies:
- name: prometheus
  repository: https://prometheus-community.github.io/helm-charts
  version: ~11.15.0
- name: grafana
  repository: https://kubernetes-charts.storage.googleapis.com/
  version: 5.0.26
- name: verdaccio
  repository: https://charts.verdaccio.org
  version: 0.10.0
- name: chartmuseum
  repository: https://kubernetes-charts.storage.googleapis.com/
  version: 2.14.0
- name: loki-stack
  repository: https://grafana.github.io/loki/charts
  version: '*'
- name: strimzi-kafka-operator
  repository: https://strimzi.io/charts/
  version: '*'
digest: sha256:b7a78279a28c1af58c7e331324fca7699957814d4b57afd9a804319bc8a5a131
generated: "2020-10-07T21:04:37.536514+01:00"
