dependencies:
- name: prometheus
  repository: https://prometheus-community.github.io/helm-charts
  version: ~11.15.0
- name: grafana
  repository: https://kubernetes-charts.storage.googleapis.com/
  version: 5.0.26
- name: verdaccio
  repository: https://charts.verdaccio.org
  version: 0.10.0
- name: chartmuseum
  repository: https://kubernetes-charts.storage.googleapis.com/
  version: 2.13.3
- name: loki-stack
  repository: https://grafana.github.io/loki/charts
  version: '*'
- name: linkerd2
  repository: https://helm.linkerd.io/stable
  version: 2.8.1
- name: strimzi-kafka-operator
  repository: https://strimzi.io/charts/
  version: '*'
digest: sha256:2abd61b4d695d57f07bb9fad52bdad1bd1e07843fc0f14ba4bef78b71d448aef
generated: "2020-09-24T21:45:45.341629+01:00"
